
Microsoft Visual Studio Solution File, Format Version 12.00
# Visual Studio Version 17
VisualStudioVersion = 17.9.34728.123
MinimumVisualStudioVersion = 10.0.40219.1
Project("{FAE04EC0-301F-11D3-BF4B-00C04F79EFBC}") = "RentARoom", "RentARoom.csproj", "{AEE37DD1-5252-48DF-A0C6-5FF18CB57467}"
EndProject
Global
	GlobalSection(SolutionConfigurationPlatforms) = preSolution
		Debug|Any CPU = Debug|Any CPU
		Release|Any CPU = Release|Any CPU
	EndGlobalSection
	GlobalSection(ProjectConfigurationPlatforms) = postSolution
		{AEE37DD1-5252-48DF-A0C6-5FF18CB57467}.Debug|Any CPU.ActiveCfg = Debug|Any CPU
		{AEE37DD1-5252-48DF-A0C6-5FF18CB57467}.Debug|Any CPU.Build.0 = Debug|Any CPU
		{AEE37DD1-5252-48DF-A0C6-5FF18CB57467}.Release|Any CPU.ActiveCfg = Release|Any CPU
		{AEE37DD1-5252-48DF-A0C6-5FF18CB57467}.Release|Any CPU.Build.0 = Release|Any CPU
	EndGlobalSection
	GlobalSection(SolutionProperties) = preSolution
		HideSolutionNode = FALSE
	EndGlobalSection
	GlobalSection(ExtensibilityGlobals) = postSolution
		SolutionGuid = {DD2FEAB0-246E-4918-A181-8E86FEBAF33B}
	EndGlobalSection
EndGlobal
